// !$*UTF8*$!
{
	archiveVersion = 1;
	classes = {
	};
	objectVersion = 46;
	objects = {

/* Begin PBXBuildFile section */
		6C16B0661E2F024E00012C87 /* main.m in Sources */ = {isa = PBXBuildFile; fileRef = 6C16B0651E2F024E00012C87 /* main.m */; };
		6C16B0691E2F024E00012C87 /* AppDelegate.m in Sources */ = {isa = PBXBuildFile; fileRef = 6C16B0681E2F024E00012C87 /* AppDelegate.m */; };
		6C16B06C1E2F024E00012C87 /* ViewController.m in Sources */ = {isa = PBXBuildFile; fileRef = 6C16B06B1E2F024E00012C87 /* ViewController.m */; };
		6C16B06F1E2F024E00012C87 /* Main.storyboard in Resources */ = {isa = PBXBuildFile; fileRef = 6C16B06D1E2F024E00012C87 /* Main.storyboard */; };
		6C16B0711E2F024E00012C87 /* Assets.xcassets in Resources */ = {isa = PBXBuildFile; fileRef = 6C16B0701E2F024E00012C87 /* Assets.xcassets */; };
		6C16B0741E2F024E00012C87 /* LaunchScreen.storyboard in Resources */ = {isa = PBXBuildFile; fileRef = 6C16B0721E2F024E00012C87 /* LaunchScreen.storyboard */; };
		6C16B0821E2F026A00012C87 /* NotificationCenter.framework in Frameworks */ = {isa = PBXBuildFile; fileRef = 6C16B0811E2F026A00012C87 /* NotificationCenter.framework */; settings = {ATTRIBUTES = (Weak, ); }; };
		6C16B0861E2F026A00012C87 /* TodayViewController.m in Sources */ = {isa = PBXBuildFile; fileRef = 6C16B0851E2F026A00012C87 /* TodayViewController.m */; };
		6C16B0891E2F026A00012C87 /* MainInterface.storyboard in Resources */ = {isa = PBXBuildFile; fileRef = 6C16B0871E2F026A00012C87 /* MainInterface.storyboard */; };
		6C16B08D1E2F026A00012C87 /* RXWidget.appex in Embed App Extensions */ = {isa = PBXBuildFile; fileRef = 6C16B07F1E2F026A00012C87 /* RXWidget.appex */; settings = {ATTRIBUTES = (RemoveHeadersOnCopy, ); }; };
		6C16B0981E2F0C2900012C87 /* RXRandom.m in Sources */ = {isa = PBXBuildFile; fileRef = 6C16B0971E2F0C2900012C87 /* RXRandom.m */; };
		6C1AE1DE1E2F28DE00BC4083 /* RXTodayCollectionViewCell.m in Sources */ = {isa = PBXBuildFile; fileRef = 6C1AE1DD1E2F28DE00BC4083 /* RXTodayCollectionViewCell.m */; };
		6C52E37A1E2F5E39004EDB65 /* NotificationCenter.framework in Frameworks */ = {isa = PBXBuildFile; fileRef = 6C16B0811E2F026A00012C87 /* NotificationCenter.framework */; };
		6C52E37C1E2F5E40004EDB65 /* Security.framework in Frameworks */ = {isa = PBXBuildFile; fileRef = 6C52E37B1E2F5E40004EDB65 /* Security.framework */; };
		6CD092FE1E5C061D008C7897 /* NotificationCenter.framework in Frameworks */ = {isa = PBXBuildFile; fileRef = 6C16B0811E2F026A00012C87 /* NotificationCenter.framework */; };
		6CD093021E5C061D008C7897 /* TodayViewController.m in Sources */ = {isa = PBXBuildFile; fileRef = 6CD093011E5C061D008C7897 /* TodayViewController.m */; };
		6CD093051E5C061D008C7897 /* MainInterface.storyboard in Resources */ = {isa = PBXBuildFile; fileRef = 6CD093031E5C061D008C7897 /* MainInterface.storyboard */; };
		6CD093091E5C061D008C7897 /* RXWidgetNetwork.appex in Embed App Extensions */ = {isa = PBXBuildFile; fileRef = 6CD092FD1E5C061D008C7897 /* RXWidgetNetwork.appex */; settings = {ATTRIBUTES = (RemoveHeadersOnCopy, ); }; };
/* End PBXBuildFile section */

/* Begin PBXContainerItemProxy section */
		6C16B08B1E2F026A00012C87 /* PBXContainerItemProxy */ = {
			isa = PBXContainerItemProxy;
			containerPortal = 6C16B0591E2F024E00012C87 /* Project object */;
			proxyType = 1;
			remoteGlobalIDString = 6C16B07E1E2F026A00012C87;
			remoteInfo = RXWidget;
		};
		6CD093071E5C061D008C7897 /* PBXContainerItemProxy */ = {
			isa = PBXContainerItemProxy;
			containerPortal = 6C16B0591E2F024E00012C87 /* Project object */;
			proxyType = 1;
			remoteGlobalIDString = 6CD092FC1E5C061D008C7897;
			remoteInfo = RXWidgetNetwork;
		};
/* End PBXContainerItemProxy section */

/* Begin PBXCopyFilesBuildPhase section */
		6C16B0911E2F026A00012C87 /* Embed App Extensions */ = {
			isa = PBXCopyFilesBuildPhase;
			buildActionMask = 2147483647;
			dstPath = "";
			dstSubfolderSpec = 13;
			files = (
				6C16B08D1E2F026A00012C87 /* RXWidget.appex in Embed App Extensions */,
				6CD093091E5C061D008C7897 /* RXWidgetNetwork.appex in Embed App Extensions */,
			);
			name = "Embed App Extensions";
			runOnlyForDeploymentPostprocessing = 0;
		};
/* End PBXCopyFilesBuildPhase section */

/* Begin PBXFileReference section */
		6C16B0611E2F024E00012C87 /* RXTodayDemo.app */ = {isa = PBXFileReference; explicitFileType = wrapper.application; includeInIndex = 0; path = RXTodayDemo.app; sourceTree = BUILT_PRODUCTS_DIR; };
		6C16B0651E2F024E00012C87 /* main.m */ = {isa = PBXFileReference; lastKnownFileType = sourcecode.c.objc; path = main.m; sourceTree = "<group>"; };
		6C16B0671E2F024E00012C87 /* AppDelegate.h */ = {isa = PBXFileReference; lastKnownFileType = sourcecode.c.h; path = AppDelegate.h; sourceTree = "<group>"; };
		6C16B0681E2F024E00012C87 /* AppDelegate.m */ = {isa = PBXFileReference; lastKnownFileType = sourcecode.c.objc; path = AppDelegate.m; sourceTree = "<group>"; };
		6C16B06A1E2F024E00012C87 /* ViewController.h */ = {isa = PBXFileReference; lastKnownFileType = sourcecode.c.h; path = ViewController.h; sourceTree = "<group>"; };
		6C16B06B1E2F024E00012C87 /* ViewController.m */ = {isa = PBXFileReference; lastKnownFileType = sourcecode.c.objc; path = ViewController.m; sourceTree = "<group>"; };
		6C16B06E1E2F024E00012C87 /* Base */ = {isa = PBXFileReference; lastKnownFileType = file.storyboard; name = Base; path = Base.lproj/Main.storyboard; sourceTree = "<group>"; };
		6C16B0701E2F024E00012C87 /* Assets.xcassets */ = {isa = PBXFileReference; lastKnownFileType = folder.assetcatalog; path = Assets.xcassets; sourceTree = "<group>"; };
		6C16B0731E2F024E00012C87 /* Base */ = {isa = PBXFileReference; lastKnownFileType = file.storyboard; name = Base; path = Base.lproj/LaunchScreen.storyboard; sourceTree = "<group>"; };
		6C16B0751E2F024E00012C87 /* Info.plist */ = {isa = PBXFileReference; lastKnownFileType = text.plist.xml; path = Info.plist; sourceTree = "<group>"; };
		6C16B07F1E2F026A00012C87 /* RXWidget.appex */ = {isa = PBXFileReference; explicitFileType = "wrapper.app-extension"; includeInIndex = 0; path = RXWidget.appex; sourceTree = BUILT_PRODUCTS_DIR; };
		6C16B0811E2F026A00012C87 /* NotificationCenter.framework */ = {isa = PBXFileReference; lastKnownFileType = wrapper.framework; name = NotificationCenter.framework; path = System/Library/Frameworks/NotificationCenter.framework; sourceTree = SDKROOT; };
		6C16B0841E2F026A00012C87 /* TodayViewController.h */ = {isa = PBXFileReference; lastKnownFileType = sourcecode.c.h; path = TodayViewController.h; sourceTree = "<group>"; };
		6C16B0851E2F026A00012C87 /* TodayViewController.m */ = {isa = PBXFileReference; lastKnownFileType = sourcecode.c.objc; path = TodayViewController.m; sourceTree = "<group>"; };
		6C16B0881E2F026A00012C87 /* Base */ = {isa = PBXFileReference; lastKnownFileType = file.storyboard; name = Base; path = Base.lproj/MainInterface.storyboard; sourceTree = "<group>"; };
		6C16B08A1E2F026A00012C87 /* Info.plist */ = {isa = PBXFileReference; lastKnownFileType = text.plist.xml; path = Info.plist; sourceTree = "<group>"; };
		6C16B0931E2F065A00012C87 /* RXWidget.entitlements */ = {isa = PBXFileReference; lastKnownFileType = text.xml; path = RXWidget.entitlements; sourceTree = "<group>"; };
		6C16B0961E2F0C2900012C87 /* RXRandom.h */ = {isa = PBXFileReference; fileEncoding = 4; lastKnownFileType = sourcecode.c.h; path = RXRandom.h; sourceTree = "<group>"; };
		6C16B0971E2F0C2900012C87 /* RXRandom.m */ = {isa = PBXFileReference; fileEncoding = 4; lastKnownFileType = sourcecode.c.objc; path = RXRandom.m; sourceTree = "<group>"; };
		6C16B09D1E2F1F1400012C87 /* RXTodayDemo.entitlements */ = {isa = PBXFileReference; lastKnownFileType = text.xml; path = RXTodayDemo.entitlements; sourceTree = "<group>"; };
		6C1AE1DC1E2F28DE00BC4083 /* RXTodayCollectionViewCell.h */ = {isa = PBXFileReference; fileEncoding = 4; lastKnownFileType = sourcecode.c.h; path = RXTodayCollectionViewCell.h; sourceTree = "<group>"; };
		6C1AE1DD1E2F28DE00BC4083 /* RXTodayCollectionViewCell.m */ = {isa = PBXFileReference; fileEncoding = 4; lastKnownFileType = sourcecode.c.objc; path = RXTodayCollectionViewCell.m; sourceTree = "<group>"; };
		6C52E37B1E2F5E40004EDB65 /* Security.framework */ = {isa = PBXFileReference; lastKnownFileType = wrapper.framework; name = Security.framework; path = System/Library/Frameworks/Security.framework; sourceTree = SDKROOT; };
		6CD092FD1E5C061D008C7897 /* RXWidgetNetwork.appex */ = {isa = PBXFileReference; explicitFileType = "wrapper.app-extension"; includeInIndex = 0; path = RXWidgetNetwork.appex; sourceTree = BUILT_PRODUCTS_DIR; };
		6CD093001E5C061D008C7897 /* TodayViewController.h */ = {isa = PBXFileReference; lastKnownFileType = sourcecode.c.h; path = TodayViewController.h; sourceTree = "<group>"; };
		6CD093011E5C061D008C7897 /* TodayViewController.m */ = {isa = PBXFileReference; lastKnownFileType = sourcecode.c.objc; path = TodayViewController.m; sourceTree = "<group>"; };
		6CD093041E5C061D008C7897 /* Base */ = {isa = PBXFileReference; lastKnownFileType = file.storyboard; name = Base; path = Base.lproj/MainInterface.storyboard; sourceTree = "<group>"; };
		6CD093061E5C061D008C7897 /* Info.plist */ = {isa = PBXFileReference; lastKnownFileType = text.plist.xml; path = Info.plist; sourceTree = "<group>"; };
/* End PBXFileReference section */

/* Begin PBXFrameworksBuildPhase section */
		6C16B05E1E2F024E00012C87 /* Frameworks */ = {
			isa = PBXFrameworksBuildPhase;
			buildActionMask = 2147483647;
			files = (
				6C52E37C1E2F5E40004EDB65 /* Security.framework in Frameworks */,
				6C52E37A1E2F5E39004EDB65 /* NotificationCenter.framework in Frameworks */,
			);
			runOnlyForDeploymentPostprocessing = 0;
		};
		6C16B07C1E2F026A00012C87 /* Frameworks */ = {
			isa = PBXFrameworksBuildPhase;
			buildActionMask = 2147483647;
			files = (
				6C16B0821E2F026A00012C87 /* NotificationCenter.framework in Frameworks */,
			);
			runOnlyForDeploymentPostprocessing = 0;
		};
		6CD092FA1E5C061D008C7897 /* Frameworks */ = {
			isa = PBXFrameworksBuildPhase;
			buildActionMask = 2147483647;
			files = (
				6CD092FE1E5C061D008C7897 /* NotificationCenter.framework in Frameworks */,
			);
			runOnlyForDeploymentPostprocessing = 0;
		};
/* End PBXFrameworksBuildPhase section */

/* Begin PBXGroup section */
		6C16B0581E2F024E00012C87 = {
			isa = PBXGroup;
			children = (
				6C16B0941E2F0C2900012C87 /* RXExtenstion */,
				6C16B0631E2F024E00012C87 /* RXTodayDemo */,
				6C16B0831E2F026A00012C87 /* RXWidget */,
				6CD092FF1E5C061D008C7897 /* RXWidgetNetwork */,
				6C16B0801E2F026A00012C87 /* Frameworks */,
				6C16B0621E2F024E00012C87 /* Products */,
			);
			sourceTree = "<group>";
		};
		6C16B0621E2F024E00012C87 /* Products */ = {
			isa = PBXGroup;
			children = (
				6C16B0611E2F024E00012C87 /* RXTodayDemo.app */,
				6C16B07F1E2F026A00012C87 /* RXWidget.appex */,
				6CD092FD1E5C061D008C7897 /* RXWidgetNetwork.appex */,
			);
			name = Products;
			sourceTree = "<group>";
		};
		6C16B0631E2F024E00012C87 /* RXTodayDemo */ = {
			isa = PBXGroup;
			children = (
				6C16B09D1E2F1F1400012C87 /* RXTodayDemo.entitlements */,
				6C16B0671E2F024E00012C87 /* AppDelegate.h */,
				6C16B0681E2F024E00012C87 /* AppDelegate.m */,
				6C16B06A1E2F024E00012C87 /* ViewController.h */,
				6C16B06B1E2F024E00012C87 /* ViewController.m */,
				6C16B06D1E2F024E00012C87 /* Main.storyboard */,
				6C16B0701E2F024E00012C87 /* Assets.xcassets */,
				6C16B0721E2F024E00012C87 /* LaunchScreen.storyboard */,
				6C16B0751E2F024E00012C87 /* Info.plist */,
				6C16B0641E2F024E00012C87 /* Supporting Files */,
			);
			path = RXTodayDemo;
			sourceTree = "<group>";
		};
		6C16B0641E2F024E00012C87 /* Supporting Files */ = {
			isa = PBXGroup;
			children = (
				6C16B0651E2F024E00012C87 /* main.m */,
			);
			name = "Supporting Files";
			sourceTree = "<group>";
		};
		6C16B0801E2F026A00012C87 /* Frameworks */ = {
			isa = PBXGroup;
			children = (
				6C52E37B1E2F5E40004EDB65 /* Security.framework */,
				6C16B0811E2F026A00012C87 /* NotificationCenter.framework */,
			);
			name = Frameworks;
			sourceTree = "<group>";
		};
		6C16B0831E2F026A00012C87 /* RXWidget */ = {
			isa = PBXGroup;
			children = (
				6C16B0931E2F065A00012C87 /* RXWidget.entitlements */,
				6C16B0841E2F026A00012C87 /* TodayViewController.h */,
				6C16B0851E2F026A00012C87 /* TodayViewController.m */,
				6C1AE1DC1E2F28DE00BC4083 /* RXTodayCollectionViewCell.h */,
				6C1AE1DD1E2F28DE00BC4083 /* RXTodayCollectionViewCell.m */,
				6C16B0871E2F026A00012C87 /* MainInterface.storyboard */,
				6C16B08A1E2F026A00012C87 /* Info.plist */,
			);
			path = RXWidget;
			sourceTree = "<group>";
		};
		6C16B0941E2F0C2900012C87 /* RXExtenstion */ = {
			isa = PBXGroup;
			children = (
				6C16B0951E2F0C2900012C87 /* Random */,
			);
			path = RXExtenstion;
			sourceTree = "<group>";
		};
		6C16B0951E2F0C2900012C87 /* Random */ = {
			isa = PBXGroup;
			children = (
				6C16B0961E2F0C2900012C87 /* RXRandom.h */,
				6C16B0971E2F0C2900012C87 /* RXRandom.m */,
			);
			path = Random;
			sourceTree = "<group>";
		};
		6CD092FF1E5C061D008C7897 /* RXWidgetNetwork */ = {
			isa = PBXGroup;
			children = (
				6CD093001E5C061D008C7897 /* TodayViewController.h */,
				6CD093011E5C061D008C7897 /* TodayViewController.m */,
				6CD093031E5C061D008C7897 /* MainInterface.storyboard */,
				6CD093061E5C061D008C7897 /* Info.plist */,
			);
			path = RXWidgetNetwork;
			sourceTree = "<group>";
		};
/* End PBXGroup section */

/* Begin PBXNativeTarget section */
		6C16B0601E2F024E00012C87 /* RXTodayDemo */ = {
			isa = PBXNativeTarget;
			buildConfigurationList = 6C16B0781E2F024E00012C87 /* Build configuration list for PBXNativeTarget "RXTodayDemo" */;
			buildPhases = (
				6C16B05D1E2F024E00012C87 /* Sources */,
				6C16B05E1E2F024E00012C87 /* Frameworks */,
				6C16B05F1E2F024E00012C87 /* Resources */,
				6C16B0911E2F026A00012C87 /* Embed App Extensions */,
			);
			buildRules = (
			);
			dependencies = (
				6C16B08C1E2F026A00012C87 /* PBXTargetDependency */,
				6CD093081E5C061D008C7897 /* PBXTargetDependency */,
			);
			name = RXTodayDemo;
			productName = RXTodayDemo;
			productReference = 6C16B0611E2F024E00012C87 /* RXTodayDemo.app */;
			productType = "com.apple.product-type.application";
		};
		6C16B07E1E2F026A00012C87 /* RXWidget */ = {
			isa = PBXNativeTarget;
			buildConfigurationList = 6C16B08E1E2F026A00012C87 /* Build configuration list for PBXNativeTarget "RXWidget" */;
			buildPhases = (
				6C16B07B1E2F026A00012C87 /* Sources */,
				6C16B07C1E2F026A00012C87 /* Frameworks */,
				6C16B07D1E2F026A00012C87 /* Resources */,
			);
			buildRules = (
			);
			dependencies = (
			);
			name = RXWidget;
			productName = RXWidget;
			productReference = 6C16B07F1E2F026A00012C87 /* RXWidget.appex */;
			productType = "com.apple.product-type.app-extension";
		};
		6CD092FC1E5C061D008C7897 /* RXWidgetNetwork */ = {
			isa = PBXNativeTarget;
			buildConfigurationList = 6CD0930C1E5C061D008C7897 /* Build configuration list for PBXNativeTarget "RXWidgetNetwork" */;
			buildPhases = (
				6CD092F91E5C061D008C7897 /* Sources */,
				6CD092FA1E5C061D008C7897 /* Frameworks */,
				6CD092FB1E5C061D008C7897 /* Resources */,
			);
			buildRules = (
			);
			dependencies = (
			);
			name = RXWidgetNetwork;
			productName = RXWidgetNetwork;
			productReference = 6CD092FD1E5C061D008C7897 /* RXWidgetNetwork.appex */;
			productType = "com.apple.product-type.app-extension";
		};
/* End PBXNativeTarget section */

/* Begin PBXProject section */
		6C16B0591E2F024E00012C87 /* Project object */ = {
			isa = PBXProject;
			attributes = {
				LastUpgradeCheck = 0730;
				ORGANIZATIONNAME = "https://github.com/srxboys";
				TargetAttributes = {
					6C16B0601E2F024E00012C87 = {
						CreatedOnToolsVersion = 7.3.1;
						DevelopmentTeam = MLKY76PU29;
						SystemCapabilities = {
							com.apple.ApplicationGroups.iOS = {
								enabled = 1;
							};
							com.apple.Keychain = {
								enabled = 0;
							};
						};
					};
					6C16B07E1E2F026A00012C87 = {
						CreatedOnToolsVersion = 7.3.1;
						DevelopmentTeam = MLKY76PU29;
						SystemCapabilities = {
							com.apple.ApplicationGroups.iOS = {
								enabled = 1;
							};
						};
					};
					6CD092FC1E5C061D008C7897 = {
						CreatedOnToolsVersion = 7.3.1;
						DevelopmentTeam = MLKY76PU29;
					};
				};
			};
			buildConfigurationList = 6C16B05C1E2F024E00012C87 /* Build configuration list for PBXProject "RXTodayDemo" */;
			compatibilityVersion = "Xcode 3.2";
			developmentRegion = English;
			hasScannedForEncodings = 0;
			knownRegions = (
				en,
				Base,
			);
			mainGroup = 6C16B0581E2F024E00012C87;
			productRefGroup = 6C16B0621E2F024E00012C87 /* Products */;
			projectDirPath = "";
			projectRoot = "";
			targets = (
				6C16B0601E2F024E00012C87 /* RXTodayDemo */,
				6C16B07E1E2F026A00012C87 /* RXWidget */,
				6CD092FC1E5C061D008C7897 /* RXWidgetNetwork */,
			);
		};
/* End PBXProject section */

/* Begin PBXResourcesBuildPhase section */
		6C16B05F1E2F024E00012C87 /* Resources */ = {
			isa = PBXResourcesBuildPhase;
			buildActionMask = 2147483647;
			files = (
				6C16B0741E2F024E00012C87 /* LaunchScreen.storyboard in Resources */,
				6C16B0711E2F024E00012C87 /* Assets.xcassets in Resources */,
				6C16B06F1E2F024E00012C87 /* Main.storyboard in Resources */,
			);
			runOnlyForDeploymentPostprocessing = 0;
		};
		6C16B07D1E2F026A00012C87 /* Resources */ = {
			isa = PBXResourcesBuildPhase;
			buildActionMask = 2147483647;
			files = (
				6C16B0891E2F026A00012C87 /* MainInterface.storyboard in Resources */,
			);
			runOnlyForDeploymentPostprocessing = 0;
		};
		6CD092FB1E5C061D008C7897 /* Resources */ = {
			isa = PBXResourcesBuildPhase;
			buildActionMask = 2147483647;
			files = (
				6CD093051E5C061D008C7897 /* MainInterface.storyboard in Resources */,
			);
			runOnlyForDeploymentPostprocessing = 0;
		};
/* End PBXResourcesBuildPhase section */

/* Begin PBXSourcesBuildPhase section */
		6C16B05D1E2F024E00012C87 /* Sources */ = {
			isa = PBXSourcesBuildPhase;
			buildActionMask = 2147483647;
			files = (
				6C16B0981E2F0C2900012C87 /* RXRandom.m in Sources */,
				6C16B06C1E2F024E00012C87 /* ViewController.m in Sources */,
				6C16B0691E2F024E00012C87 /* AppDelegate.m in Sources */,
				6C16B0661E2F024E00012C87 /* main.m in Sources */,
			);
			runOnlyForDeploymentPostprocessing = 0;
		};
		6C16B07B1E2F026A00012C87 /* Sources */ = {
			isa = PBXSourcesBuildPhase;
			buildActionMask = 2147483647;
			files = (
				6C1AE1DE1E2F28DE00BC4083 /* RXTodayCollectionViewCell.m in Sources */,
				6C16B0861E2F026A00012C87 /* TodayViewController.m in Sources */,
			);
			runOnlyForDeploymentPostprocessing = 0;
		};
		6CD092F91E5C061D008C7897 /* Sources */ = {
			isa = PBXSourcesBuildPhase;
			buildActionMask = 2147483647;
			files = (
				6CD093021E5C061D008C7897 /* TodayViewController.m in Sources */,
			);
			runOnlyForDeploymentPostprocessing = 0;
		};
/* End PBXSourcesBuildPhase section */

/* Begin PBXTargetDependency section */
		6C16B08C1E2F026A00012C87 /* PBXTargetDependency */ = {
			isa = PBXTargetDependency;
			target = 6C16B07E1E2F026A00012C87 /* RXWidget */;
			targetProxy = 6C16B08B1E2F026A00012C87 /* PBXContainerItemProxy */;
		};
		6CD093081E5C061D008C7897 /* PBXTargetDependency */ = {
			isa = PBXTargetDependency;
			target = 6CD092FC1E5C061D008C7897 /* RXWidgetNetwork */;
			targetProxy = 6CD093071E5C061D008C7897 /* PBXContainerItemProxy */;
		};
/* End PBXTargetDependency section */

/* Begin PBXVariantGroup section */
		6C16B06D1E2F024E00012C87 /* Main.storyboard */ = {
			isa = PBXVariantGroup;
			children = (
				6C16B06E1E2F024E00012C87 /* Base */,
			);
			name = Main.storyboard;
			sourceTree = "<group>";
		};
		6C16B0721E2F024E00012C87 /* LaunchScreen.storyboard */ = {
			isa = PBXVariantGroup;
			children = (
				6C16B0731E2F024E00012C87 /* Base */,
			);
			name = LaunchScreen.storyboard;
			sourceTree = "<group>";
		};
		6C16B0871E2F026A00012C87 /* MainInterface.storyboard */ = {
			isa = PBXVariantGroup;
			children = (
				6C16B0881E2F026A00012C87 /* Base */,
			);
			name = MainInterface.storyboard;
			sourceTree = "<group>";
		};
		6CD093031E5C061D008C7897 /* MainInterface.storyboard */ = {
			isa = PBXVariantGroup;
			children = (
				6CD093041E5C061D008C7897 /* Base */,
			);
			name = MainInterface.storyboard;
			sourceTree = "<group>";
		};
/* End PBXVariantGroup section */

/* Begin XCBuildConfiguration section */
		6C16B0761E2F024E00012C87 /* Debug */ = {
			isa = XCBuildConfiguration;
			buildSettings = {
				ALWAYS_SEARCH_USER_PATHS = NO;
				CLANG_ANALYZER_NONNULL = YES;
				CLANG_CXX_LANGUAGE_STANDARD = "gnu++0x";
				CLANG_CXX_LIBRARY = "libc++";
				CLANG_ENABLE_MODULES = YES;
				CLANG_ENABLE_OBJC_ARC = YES;
				CLANG_WARN_BOOL_CONVERSION = YES;
				CLANG_WARN_CONSTANT_CONVERSION = YES;
				CLANG_WARN_DIRECT_OBJC_ISA_USAGE = YES_ERROR;
				CLANG_WARN_EMPTY_BODY = YES;
				CLANG_WARN_ENUM_CONVERSION = YES;
				CLANG_WARN_INT_CONVERSION = YES;
				CLANG_WARN_OBJC_ROOT_CLASS = YES_ERROR;
				CLANG_WARN_UNREACHABLE_CODE = YES;
				CLANG_WARN__DUPLICATE_METHOD_MATCH = YES;
				"CODE_SIGN_IDENTITY[sdk=iphoneos*]" = "iPhone Developer";
				COPY_PHASE_STRIP = NO;
				DEBUG_INFORMATION_FORMAT = dwarf;
				ENABLE_STRICT_OBJC_MSGSEND = YES;
				ENABLE_TESTABILITY = YES;
				GCC_C_LANGUAGE_STANDARD = gnu99;
				GCC_DYNAMIC_NO_PIC = NO;
				GCC_NO_COMMON_BLOCKS = YES;
				GCC_OPTIMIZATION_LEVEL = 0;
				GCC_PREPROCESSOR_DEFINITIONS = (
					"DEBUG=1",
					"$(inherited)",
				);
				GCC_WARN_64_TO_32_BIT_CONVERSION = YES;
				GCC_WARN_ABOUT_RETURN_TYPE = YES_ERROR;
				GCC_WARN_UNDECLARED_SELECTOR = YES;
				GCC_WARN_UNINITIALIZED_AUTOS = YES_AGGRESSIVE;
				GCC_WARN_UNUSED_FUNCTION = YES;
				GCC_WARN_UNUSED_VARIABLE = YES;
				IPHONEOS_DEPLOYMENT_TARGET = 9.3;
				MTL_ENABLE_DEBUG_INFO = YES;
				ONLY_ACTIVE_ARCH = YES;
				SDKROOT = iphoneos;
			};
			name = Debug;
		};
		6C16B0771E2F024E00012C87 /* Release */ = {
			isa = XCBuildConfiguration;
			buildSettings = {
				ALWAYS_SEARCH_USER_PATHS = NO;
				CLANG_ANALYZER_NONNULL = YES;
				CLANG_CXX_LANGUAGE_STANDARD = "gnu++0x";
				CLANG_CXX_LIBRARY = "libc++";
				CLANG_ENABLE_MODULES = YES;
				CLANG_ENABLE_OBJC_ARC = YES;
				CLANG_WARN_BOOL_CONVERSION = YES;
				CLANG_WARN_CONSTANT_CONVERSION = YES;
				CLANG_WARN_DIRECT_OBJC_ISA_USAGE = YES_ERROR;
				CLANG_WARN_EMPTY_BODY = YES;
				CLANG_WARN_ENUM_CONVERSION = YES;
				CLANG_WARN_INT_CONVERSION = YES;
				CLANG_WARN_OBJC_ROOT_CLASS = YES_ERROR;
				CLANG_WARN_UNREACHABLE_CODE = YES;
				CLANG_WARN__DUPLICATE_METHOD_MATCH = YES;
				"CODE_SIGN_IDENTITY[sdk=iphoneos*]" = "iPhone Developer";
				COPY_PHASE_STRIP = NO;
				DEBUG_INFORMATION_FORMAT = "dwarf-with-dsym";
				ENABLE_NS_ASSERTIONS = NO;
				ENABLE_STRICT_OBJC_MSGSEND = YES;
				GCC_C_LANGUAGE_STANDARD = gnu99;
				GCC_NO_COMMON_BLOCKS = YES;
				GCC_WARN_64_TO_32_BIT_CONVERSION = YES;
				GCC_WARN_ABOUT_RETURN_TYPE = YES_ERROR;
				GCC_WARN_UNDECLARED_SELECTOR = YES;
				GCC_WARN_UNINITIALIZED_AUTOS = YES_AGGRESSIVE;
				GCC_WARN_UNUSED_FUNCTION = YES;
				GCC_WARN_UNUSED_VARIABLE = YES;
				IPHONEOS_DEPLOYMENT_TARGET = 9.3;
				MTL_ENABLE_DEBUG_INFO = NO;
				SDKROOT = iphoneos;
				VALIDATE_PRODUCT = YES;
			};
			name = Release;
		};
		6C16B0791E2F024E00012C87 /* Debug */ = {
			isa = XCBuildConfiguration;
			buildSettings = {
				ASSETCATALOG_COMPILER_APPICON_NAME = AppIcon;
				CODE_SIGN_ENTITLEMENTS = RXTodayDemo/RXTodayDemo.entitlements;
				CODE_SIGN_IDENTITY = "iPhone Developer: Yaojin Dou (HK9KZR5X5Z)";
				"CODE_SIGN_IDENTITY[sdk=iphoneos*]" = "iPhone Developer";
				INFOPLIST_FILE = RXTodayDemo/Info.plist;
				IPHONEOS_DEPLOYMENT_TARGET = 8.0;
				LD_RUNPATH_SEARCH_PATHS = "$(inherited) @executable_path/Frameworks";
				PRODUCT_BUNDLE_IDENTIFIER = net.ghs.app.RXTodayDemo;
				PRODUCT_NAME = "$(TARGET_NAME)";
				PROVISIONING_PROFILE = "05296a92-7aff-410b-ae65-b0fc060f3e0b";
			};
			name = Debug;
		};
		6C16B07A1E2F024E00012C87 /* Release */ = {
			isa = XCBuildConfiguration;
			buildSettings = {
				ASSETCATALOG_COMPILER_APPICON_NAME = AppIcon;
				CODE_SIGN_ENTITLEMENTS = RXTodayDemo/RXTodayDemo.entitlements;
				CODE_SIGN_IDENTITY = "iPhone Developer: Yaojin Dou (HK9KZR5X5Z)";
				"CODE_SIGN_IDENTITY[sdk=iphoneos*]" = "iPhone Developer";
				INFOPLIST_FILE = RXTodayDemo/Info.plist;
				IPHONEOS_DEPLOYMENT_TARGET = 8.0;
				LD_RUNPATH_SEARCH_PATHS = "$(inherited) @executable_path/Frameworks";
				PRODUCT_BUNDLE_IDENTIFIER = net.ghs.app.RXTodayDemo;
				PRODUCT_NAME = "$(TARGET_NAME)";
				PROVISIONING_PROFILE = "05296a92-7aff-410b-ae65-b0fc060f3e0b";
			};
			name = Release;
		};
		6C16B08F1E2F026A00012C87 /* Debug */ = {
			isa = XCBuildConfiguration;
			buildSettings = {
				CODE_SIGN_ENTITLEMENTS = RXWidget/RXWidget.entitlements;
				CODE_SIGN_IDENTITY = "iPhone Developer: Yaojin Dou (HK9KZR5X5Z)";
				"CODE_SIGN_IDENTITY[sdk=iphoneos*]" = "iPhone Developer";
				INFOPLIST_FILE = RXWidget/Info.plist;
				IPHONEOS_DEPLOYMENT_TARGET = 6.0;
				LD_RUNPATH_SEARCH_PATHS = "$(inherited) @executable_path/Frameworks @executable_path/../../Frameworks";
				PRODUCT_BUNDLE_IDENTIFIER = net.ghs.app.RXTodayDemo.today;
				PRODUCT_NAME = "$(TARGET_NAME)";
				PROVISIONING_PROFILE = "c64f122f-089a-4a21-9409-37020b9ebf43";
				SKIP_INSTALL = YES;
			};
			name = Debug;
		};
		6C16B0901E2F026A00012C87 /* Release */ = {
			isa = XCBuildConfiguration;
			buildSettings = {
				CODE_SIGN_ENTITLEMENTS = RXWidget/RXWidget.entitlements;
				CODE_SIGN_IDENTITY = "iPhone Developer: Yaojin Dou (HK9KZR5X5Z)";
				"CODE_SIGN_IDENTITY[sdk=iphoneos*]" = "iPhone Developer";
				INFOPLIST_FILE = RXWidget/Info.plist;
				IPHONEOS_DEPLOYMENT_TARGET = 6.0;
				LD_RUNPATH_SEARCH_PATHS = "$(inherited) @executable_path/Frameworks @executable_path/../../Frameworks";
				PRODUCT_BUNDLE_IDENTIFIER = net.ghs.app.RXTodayDemo.today;
				PRODUCT_NAME = "$(TARGET_NAME)";
				PROVISIONING_PROFILE = "c64f122f-089a-4a21-9409-37020b9ebf43";
				SKIP_INSTALL = YES;
			};
			name = Release;
		};
		6CD0930A1E5C061D008C7897 /* Debug */ = {
			isa = XCBuildConfiguration;
			buildSettings = {
				CODE_SIGN_IDENTITY = "iPhone Developer: Yaojin Dou (HK9KZR5X5Z)";
				"CODE_SIGN_IDENTITY[sdk=iphoneos*]" = "iPhone Developer";
				INFOPLIST_FILE = RXWidgetNetwork/Info.plist;
				LD_RUNPATH_SEARCH_PATHS = "$(inherited) @executable_path/Frameworks @executable_path/../../Frameworks";
				PRODUCT_BUNDLE_IDENTIFIER = net.ghs.app.RXTodayDemo.RXWidgetNetwork;
				PRODUCT_NAME = "$(TARGET_NAME)";
				SKIP_INSTALL = YES;
			};
			name = Debug;
		};
		6CD0930B1E5C061D008C7897 /* Release */ = {
			isa = XCBuildConfiguration;
			buildSettings = {
				CODE_SIGN_IDENTITY = "iPhone Developer: Yaojin Dou (HK9KZR5X5Z)";
				"CODE_SIGN_IDENTITY[sdk=iphoneos*]" = "iPhone Developer";
				INFOPLIST_FILE = RXWidgetNetwork/Info.plist;
				LD_RUNPATH_SEARCH_PATHS = "$(inherited) @executable_path/Frameworks @executable_path/../../Frameworks";
				PRODUCT_BUNDLE_IDENTIFIER = net.ghs.app.RXTodayDemo.RXWidgetNetwork;
				PRODUCT_NAME = "$(TARGET_NAME)";
				SKIP_INSTALL = YES;
			};
			name = Release;
		};
/* End XCBuildConfiguration section */

/* Begin XCConfigurationList section */
		6C16B05C1E2F024E00012C87 /* Build configuration list for PBXProject "RXTodayDemo" */ = {
			isa = XCConfigurationList;
			buildConfigurations = (
				6C16B0761E2F024E00012C87 /* Debug */,
				6C16B0771E2F024E00012C87 /* Release */,
			);
			defaultConfigurationIsVisible = 0;
			defaultConfigurationName = Release;
		};
		6C16B0781E2F024E00012C87 /* Build configuration list for PBXNativeTarget "RXTodayDemo" */ = {
			isa = XCConfigurationList;
			buildConfigurations = (
				6C16B0791E2F024E00012C87 /* Debug */,
				6C16B07A1E2F024E00012C87 /* Release */,
			);
			defaultConfigurationIsVisible = 0;
			defaultConfigurationName = Release;
		};
		6C16B08E1E2F026A00012C87 /* Build configuration list for PBXNativeTarget "RXWidget" */ = {
			isa = XCConfigurationList;
			buildConfigurations = (
				6C16B08F1E2F026A00012C87 /* Debug */,
				6C16B0901E2F026A00012C87 /* Release */,
			);
			defaultConfigurationIsVisible = 0;
			defaultConfigurationName = Release;
		};
		6CD0930C1E5C061D008C7897 /* Build configuration list for PBXNativeTarget "RXWidgetNetwork" */ = {
			isa = XCConfigurationList;
			buildConfigurations = (
				6CD0930A1E5C061D008C7897 /* Debug */,
				6CD0930B1E5C061D008C7897 /* Release */,
			);
			defaultConfigurationIsVisible = 0;
		};
/* End XCConfigurationList section */
	};
	rootObject = 6C16B0591E2F024E00012C87 /* Project object */;
}
